
Microsoft Visual Studio Solution File, Format Version 12.00
# Visual Studio 15
VisualStudioVersion = 15.0.28307.1022
MinimumVisualStudioVersion = 10.0.40219.1
Project("{8BC9CEB8-8B4A-11D0-8D11-00A0C91BC942}") = "20200529text1", "20200529text1\20200529text1.vcxproj", "{AF2624A8-4B4D-4738-AACA-847879626380}"
EndProject
Global
	GlobalSection(SolutionConfigurationPlatforms) = preSolution
		Debug|x64 = Debug|x64
		Debug|x86 = Debug|x86
		Release|x64 = Release|x64
		Release|x86 = Release|x86
	EndGlobalSection
	GlobalSection(ProjectConfigurationPlatforms) = postSolution
		{AF2624A8-4B4D-4738-AACA-847879626380}.Debug|x64.ActiveCfg = Debug|x64
		{AF2624A8-4B4D-4738-AACA-847879626380}.Debug|x64.Build.0 = Debug|x64
		{AF2624A8-4B4D-4738-AACA-847879626380}.Debug|x86.ActiveCfg = Debug|Win32
		{AF2624A8-4B4D-4738-AACA-847879626380}.Debug|x86.Build.0 = Debug|Win32
		{AF2624A8-4B4D-4738-AACA-847879626380}.Release|x64.ActiveCfg = Release|x64
		{AF2624A8-4B4D-4738-AACA-847879626380}.Release|x64.Build.0 = Release|x64
		{AF2624A8-4B4D-4738-AACA-847879626380}.Release|x86.ActiveCfg = Release|Win32
		{AF2624A8-4B4D-4738-AACA-847879626380}.Release|x86.Build.0 = Release|Win32
	EndGlobalSection
	GlobalSection(SolutionProperties) = preSolution
		HideSolutionNode = FALSE
	EndGlobalSection
	GlobalSection(ExtensibilityGlobals) = postSolution
		SolutionGuid = {F47AEA58-E48E-4FFA-88ED-130EB02CAE9B}
	EndGlobalSection
EndGlobal
